
Microsoft Visual Studio Solution File, Format Version 12.00
# Visual Studio Version 17
VisualStudioVersion = 17.0.32014.148
MinimumVisualStudioVersion = 10.0.40219.1
Project("{FAE04EC0-301F-11D3-BF4B-00C04F79EFBC}") = "BankApp", "BankApp\BankApp.csproj", "{CF6C5587-82E0-4EE3-98A2-DBB54A6C1139}"
EndProject
Global
	GlobalSection(SolutionConfigurationPlatforms) = preSolution
		Debug|Any CPU = Debug|Any CPU
		Release|Any CPU = Release|Any CPU
	EndGlobalSection
	GlobalSection(ProjectConfigurationPlatforms) = postSolution
		{CF6C5587-82E0-4EE3-98A2-DBB54A6C1139}.Debug|Any CPU.ActiveCfg = Debug|Any CPU
		{CF6C5587-82E0-4EE3-98A2-DBB54A6C1139}.Debug|Any CPU.Build.0 = Debug|Any CPU
		{CF6C5587-82E0-4EE3-98A2-DBB54A6C1139}.Release|Any CPU.ActiveCfg = Release|Any CPU
		{CF6C5587-82E0-4EE3-98A2-DBB54A6C1139}.Release|Any CPU.Build.0 = Release|Any CPU
	EndGlobalSection
	GlobalSection(SolutionProperties) = preSolution
		HideSolutionNode = FALSE
	EndGlobalSection
	GlobalSection(ExtensibilityGlobals) = postSolution
		SolutionGuid = {DBC4DD41-F146-48A5-8893-3D83C25C1C37}
	EndGlobalSection
EndGlobal
